Microsoft Visual Studio Solution File, Format Version 12.00
# Visual Studio 15
VisualStudioVersion = 15.0.26124.0
MinimumVisualStudioVersion = 15.0.26124.0
Project("{9A19103F-16F7-4668-BE54-9A1E7A4F7556}") = "NancyApplication", "NancyApplication\NancyApplication.csproj", "{08AF6914-4E35-4A97-9C34-662D2891CE83}"
EndProject
Project("{9A19103F-16F7-4668-BE54-9A1E7A4F7556}") = "NancyApplication.Tests", "NancyApplication.Tests\NancyApplication.Tests.csproj", "{6B916B40-0CBD-4B48-8D45-8CD98FF27C0C}"
EndProject
Global
	GlobalSection(SolutionConfigurationPlatforms) = preSolution
		Debug|Any CPU = Debug|Any CPU
		Debug|x64 = Debug|x64
		Debug|x86 = Debug|x86
		Release|Any CPU = Release|Any CPU
		Release|x64 = Release|x64
		Release|x86 = Release|x86
	EndGlobalSection
	GlobalSection(ProjectConfigurationPlatforms) = postSolution
		{08AF6914-4E35-4A97-9C34-662D2891CE83}.Debug|Any CPU.ActiveCfg = Debug|Any CPU
		{08AF6914-4E35-4A97-9C34-662D2891CE83}.Debug|Any CPU.Build.0 = Debug|Any CPU
		{08AF6914-4E35-4A97-9C34-662D2891CE83}.Debug|x64.ActiveCfg = Debug|Any CPU
		{08AF6914-4E35-4A97-9C34-662D2891CE83}.Debug|x64.Build.0 = Debug|Any CPU
		{08AF6914-4E35-4A97-9C34-662D2891CE83}.Debug|x86.ActiveCfg = Debug|Any CPU
		{08AF6914-4E35-4A97-9C34-662D2891CE83}.Debug|x86.Build.0 = Debug|Any CPU
		{08AF6914-4E35-4A97-9C34-662D2891CE83}.Release|Any CPU.ActiveCfg = Release|Any CPU
		{08AF6914-4E35-4A97-9C34-662D2891CE83}.Release|Any CPU.Build.0 = Release|Any CPU
		{08AF6914-4E35-4A97-9C34-662D2891CE83}.Release|x64.ActiveCfg = Release|Any CPU
		{08AF6914-4E35-4A97-9C34-662D2891CE83}.Release|x64.Build.0 = Release|Any CPU
		{08AF6914-4E35-4A97-9C34-662D2891CE83}.Release|x86.ActiveCfg = Release|Any CPU
		{08AF6914-4E35-4A97-9C34-662D2891CE83}.Release|x86.Build.0 = Release|Any CPU
		{6B916B40-0CBD-4B48-8D45-8CD98FF27C0C}.Debug|Any CPU.ActiveCfg = Debug|Any CPU
		{6B916B40-0CBD-4B48-8D45-8CD98FF27C0C}.Debug|Any CPU.Build.0 = Debug|Any CPU
		{6B916B40-0CBD-4B48-8D45-8CD98FF27C0C}.Debug|x64.ActiveCfg = Debug|Any CPU
		{6B916B40-0CBD-4B48-8D45-8CD98FF27C0C}.Debug|x64.Build.0 = Debug|Any CPU
		{6B916B40-0CBD-4B48-8D45-8CD98FF27C0C}.Debug|x86.ActiveCfg = Debug|Any CPU
		{6B916B40-0CBD-4B48-8D45-8CD98FF27C0C}.Debug|x86.Build.0 = Debug|Any CPU
		{6B916B40-0CBD-4B48-8D45-8CD98FF27C0C}.Release|Any CPU.ActiveCfg = Release|Any CPU
		{6B916B40-0CBD-4B48-8D45-8CD98FF27C0C}.Release|Any CPU.Build.0 = Release|Any CPU
		{6B916B40-0CBD-4B48-8D45-8CD98FF27C0C}.Release|x64.ActiveCfg = Release|Any CPU
		{6B916B40-0CBD-4B48-8D45-8CD98FF27C0C}.Release|x64.Build.0 = Release|Any CPU
		{6B916B40-0CBD-4B48-8D45-8CD98FF27C0C}.Release|x86.ActiveCfg = Release|Any CPU
		{6B916B40-0CBD-4B48-8D45-8CD98FF27C0C}.Release|x86.Build.0 = Release|Any CPU
	EndGlobalSection
	GlobalSection(SolutionProperties) = preSolution
		HideSolutionNode = FALSE
	EndGlobalSection
	GlobalSection(ExtensibilityGlobals) = postSolution
		SolutionGuid = {90868886-127B-497B-A975-5DC1BD3C6842}
	EndGlobalSection
EndGlobal
